
Microsoft Visual Studio Solution File, Format Version 12.00
# Visual Studio 2013
VisualStudioVersion = 12.0.31101.0
MinimumVisualStudioVersion = 10.0.40219.1
Project("{159641D6-6404-4A2A-AE62-294DE0FE8301}") = "TransferDrugsToEnv", "TransferDrugsToEnv\TransferDrugsToEnv.dtproj", "{54A4F5B9-F65A-4A56-924F-E420BACC36D5}"
EndProject
Global
	GlobalSection(TeamFoundationVersionControl) = preSolution
		SccNumberOfProjects = 2
		SccEnterpriseProvider = {4CA58AB2-18FA-4F8D-95D4-32DDF27D184C}
		SccTeamFoundationServer = https://xenatix.visualstudio.com/defaultcollection
		SccLocalPath0 = .
		SccProjectUniqueName1 = TransferDrugsToEnv\\TransferDrugsToEnv.dtproj
		SccProjectName1 = TransferDrugsToEnv
		SccLocalPath1 = TransferDrugsToEnv
	EndGlobalSection
	GlobalSection(SolutionConfigurationPlatforms) = preSolution
		Development|Default = Development|Default
	EndGlobalSection
	GlobalSection(ProjectConfigurationPlatforms) = postSolution
		{54A4F5B9-F65A-4A56-924F-E420BACC36D5}.Development|Default.ActiveCfg = Development
		{54A4F5B9-F65A-4A56-924F-E420BACC36D5}.Development|Default.Build.0 = Development
	EndGlobalSection
	GlobalSection(SolutionProperties) = preSolution
		HideSolutionNode = FALSE
	EndGlobalSection
EndGlobal
