
Microsoft Visual Studio Solution File, Format Version 12.00
# Visual Studio 14
VisualStudioVersion = 14.0.25123.0
MinimumVisualStudioVersion = 10.0.40219.1
Project("{FAE04EC0-301F-11D3-BF4B-00C04F79EFBC}") = "SynchronizationService", "SynchronizationService\SynchronizationService.csproj", "{D94F01B5-3678-41F2-B851-2B6B89D4ACDA}"
EndProject
Project("{2150E333-8FDC-42A3-9474-1A3956D46DE8}") = "Axis Libraries", "Axis Libraries", "{F6EEAC9C-377C-4715-88BE-DEA14154B9D0}"
EndProject
Project("{FAE04EC0-301F-11D3-BF4B-00C04F79EFBC}") = "Axis.Model.ServiceConfiguration", "..\..\Axis Libraries\Axis.Models\Axis.Model.ServiceConfiguration\Axis.Model.ServiceConfiguration.csproj", "{1C893329-1834-43A0-960E-8DE677FBD575}"
EndProject
Project("{2150E333-8FDC-42A3-9474-1A3956D46DE8}") = "Axis DataProvider", "Axis DataProvider", "{701CC066-A311-4E88-9BFD-37E7CF1170C9}"
EndProject
Project("{FAE04EC0-301F-11D3-BF4B-00C04F79EFBC}") = "Axis.DataProvider.SynchronizationService", "..\..\Data Engine\DataProvider\Axis.DataProvider.SynchronizationService\Axis.DataProvider.SynchronizationService.csproj", "{D970C38D-D0BC-4C69-9CD9-1092C50A5346}"
EndProject
Project("{FAE04EC0-301F-11D3-BF4B-00C04F79EFBC}") = "Axis.Model.Common", "..\..\Axis Libraries\Axis.Models\Axis.Model.Common\Axis.Model.Common.csproj", "{B217D868-9CAB-4E0D-A0BC-D82423E64741}"
EndProject
Project("{FAE04EC0-301F-11D3-BF4B-00C04F79EFBC}") = "Axis.Data.Repository", "..\..\Data Engine\Axis.Data.Repository\Axis.Data.Repository.csproj", "{8B6625B0-E86E-4B07-BC0A-4F90A5F804C2}"
EndProject
Project("{FAE04EC0-301F-11D3-BF4B-00C04F79EFBC}") = "Axis.Model.Account", "..\..\Axis Libraries\Axis.Models\Axis.Model.Account\Axis.Model.Account.csproj", "{539E2B21-5970-4CEC-B479-7B560A2D407B}"
EndProject
Project("{FAE04EC0-301F-11D3-BF4B-00C04F79EFBC}") = "Axis.Security", "..\..\Axis Libraries\Axis.Security\Axis.Security.csproj", "{6ADD8735-4FE1-471D-991A-6DFA7D588899}"
EndProject
Project("{FAE04EC0-301F-11D3-BF4B-00C04F79EFBC}") = "Axis.Constant", "..\..\Axis Libraries\Axis.Constant\Axis.Constant.csproj", "{F3EAB25A-9FFE-4DDA-9236-71F76FFBD908}"
EndProject
Project("{FAE04EC0-301F-11D3-BF4B-00C04F79EFBC}") = "Axis.Model.ServiceBatch", "..\..\Axis Libraries\Axis.Models\Axis.Model.ServiceBatch\Axis.Model.ServiceBatch.csproj", "{DFA55549-F5DB-4B97-813E-46EAA8A79BF7}"
EndProject
Project("{FAE04EC0-301F-11D3-BF4B-00C04F79EFBC}") = "Axis.Helpers", "..\..\Axis Libraries\Axis.Helpers\Axis.Helpers.csproj", "{E04D495E-89A3-4D47-90C3-FFC97BA556C4}"
EndProject
Project("{FAE04EC0-301F-11D3-BF4B-00C04F79EFBC}") = "Axis.Model.Address", "..\..\Axis Libraries\Axis.Models\Axis.Model.Address\Axis.Model.Address.csproj", "{D5DDBA0D-9BF0-497B-976D-08D39B7FE976}"
EndProject
Project("{FAE04EC0-301F-11D3-BF4B-00C04F79EFBC}") = "Axis.Model.Email", "..\..\Axis Libraries\Axis.Models\Axis.Model.Email\Axis.Model.Email.csproj", "{9F6F9127-FE24-4F59-9E43-3AD252360AE1}"
EndProject
Project("{FAE04EC0-301F-11D3-BF4B-00C04F79EFBC}") = "Axis.Model.Phone", "..\..\Axis Libraries\Axis.Models\Axis.Model.Phone\Axis.Model.Phone.csproj", "{B0A9F6E9-6648-484C-B213-8B15B80973D3}"
EndProject
Project("{FAE04EC0-301F-11D3-BF4B-00C04F79EFBC}") = "Axis.Model.Setting", "..\..\Axis Libraries\Axis.Models\Axis.Model.Setting\Axis.Model.Setting.csproj", "{798AAFB3-6A50-4990-8C52-EDE71C589FC8}"
EndProject
Project("{FAE04EC0-301F-11D3-BF4B-00C04F79EFBC}") = "Axis.Model.Security", "..\..\Axis Libraries\Axis.Models\Axis.Model.Security\Axis.Model.Security.csproj", "{9BF54DD3-D68A-451A-A9FF-16D457EF4457}"
EndProject
Global
	GlobalSection(SolutionConfigurationPlatforms) = preSolution
		Debug|Any CPU = Debug|Any CPU
		Local|Any CPU = Local|Any CPU
		Release.XenTstWeb003|Any CPU = Release.XenTstWeb003|Any CPU
		Release|Any CPU = Release|Any CPU
		ReleaseDev|Any CPU = ReleaseDev|Any CPU
		ReleaseTest|Any CPU = ReleaseTest|Any CPU
		ReleaseXenDevApp001|Any CPU = ReleaseXenDevApp001|Any CPU
		ReleaseXenDevApp002|Any CPU = ReleaseXenDevApp002|Any CPU
		ReleaseXenDevApp002Holding|Any CPU = ReleaseXenDevApp002Holding|Any CPU
		ReleaseXenTstApp001|Any CPU = ReleaseXenTstApp001|Any CPU
		ReleaseXenTstApp002|Any CPU = ReleaseXenTstApp002|Any CPU
	EndGlobalSection
	GlobalSection(ProjectConfigurationPlatforms) = postSolution
		{D94F01B5-3678-41F2-B851-2B6B89D4ACDA}.Debug|Any CPU.ActiveCfg = Debug|Any CPU
		{D94F01B5-3678-41F2-B851-2B6B89D4ACDA}.Debug|Any CPU.Build.0 = Debug|Any CPU
		{D94F01B5-3678-41F2-B851-2B6B89D4ACDA}.Local|Any CPU.ActiveCfg = Release|Any CPU
		{D94F01B5-3678-41F2-B851-2B6B89D4ACDA}.Local|Any CPU.Build.0 = Release|Any CPU
		{D94F01B5-3678-41F2-B851-2B6B89D4ACDA}.Release.XenTstWeb003|Any CPU.ActiveCfg = Release|Any CPU
		{D94F01B5-3678-41F2-B851-2B6B89D4ACDA}.Release.XenTstWeb003|Any CPU.Build.0 = Release|Any CPU
		{D94F01B5-3678-41F2-B851-2B6B89D4ACDA}.Release|Any CPU.ActiveCfg = Release|Any CPU
		{D94F01B5-3678-41F2-B851-2B6B89D4ACDA}.Release|Any CPU.Build.0 = Release|Any CPU
		{D94F01B5-3678-41F2-B851-2B6B89D4ACDA}.ReleaseDev|Any CPU.ActiveCfg = Release|Any CPU
		{D94F01B5-3678-41F2-B851-2B6B89D4ACDA}.ReleaseDev|Any CPU.Build.0 = Release|Any CPU
		{D94F01B5-3678-41F2-B851-2B6B89D4ACDA}.ReleaseTest|Any CPU.ActiveCfg = Release|Any CPU
		{D94F01B5-3678-41F2-B851-2B6B89D4ACDA}.ReleaseTest|Any CPU.Build.0 = Release|Any CPU
		{D94F01B5-3678-41F2-B851-2B6B89D4ACDA}.ReleaseXenDevApp001|Any CPU.ActiveCfg = Release|Any CPU
		{D94F01B5-3678-41F2-B851-2B6B89D4ACDA}.ReleaseXenDevApp001|Any CPU.Build.0 = Release|Any CPU
		{D94F01B5-3678-41F2-B851-2B6B89D4ACDA}.ReleaseXenDevApp002|Any CPU.ActiveCfg = Release|Any CPU
		{D94F01B5-3678-41F2-B851-2B6B89D4ACDA}.ReleaseXenDevApp002|Any CPU.Build.0 = Release|Any CPU
		{D94F01B5-3678-41F2-B851-2B6B89D4ACDA}.ReleaseXenDevApp002Holding|Any CPU.ActiveCfg = Release|Any CPU
		{D94F01B5-3678-41F2-B851-2B6B89D4ACDA}.ReleaseXenDevApp002Holding|Any CPU.Build.0 = Release|Any CPU
		{D94F01B5-3678-41F2-B851-2B6B89D4ACDA}.ReleaseXenTstApp001|Any CPU.ActiveCfg = Release|Any CPU
		{D94F01B5-3678-41F2-B851-2B6B89D4ACDA}.ReleaseXenTstApp001|Any CPU.Build.0 = Release|Any CPU
		{D94F01B5-3678-41F2-B851-2B6B89D4ACDA}.ReleaseXenTstApp002|Any CPU.ActiveCfg = Release|Any CPU
		{D94F01B5-3678-41F2-B851-2B6B89D4ACDA}.ReleaseXenTstApp002|Any CPU.Build.0 = Release|Any CPU
		{1C893329-1834-43A0-960E-8DE677FBD575}.Debug|Any CPU.ActiveCfg = Debug|Any CPU
		{1C893329-1834-43A0-960E-8DE677FBD575}.Debug|Any CPU.Build.0 = Debug|Any CPU
		{1C893329-1834-43A0-960E-8DE677FBD575}.Local|Any CPU.ActiveCfg = Release|Any CPU
		{1C893329-1834-43A0-960E-8DE677FBD575}.Local|Any CPU.Build.0 = Release|Any CPU
		{1C893329-1834-43A0-960E-8DE677FBD575}.Release.XenTstWeb003|Any CPU.ActiveCfg = Release|Any CPU
		{1C893329-1834-43A0-960E-8DE677FBD575}.Release.XenTstWeb003|Any CPU.Build.0 = Release|Any CPU
		{1C893329-1834-43A0-960E-8DE677FBD575}.Release|Any CPU.ActiveCfg = Release|Any CPU
		{1C893329-1834-43A0-960E-8DE677FBD575}.Release|Any CPU.Build.0 = Release|Any CPU
		{1C893329-1834-43A0-960E-8DE677FBD575}.ReleaseDev|Any CPU.ActiveCfg = Release|Any CPU
		{1C893329-1834-43A0-960E-8DE677FBD575}.ReleaseDev|Any CPU.Build.0 = Release|Any CPU
		{1C893329-1834-43A0-960E-8DE677FBD575}.ReleaseTest|Any CPU.ActiveCfg = Release|Any CPU
		{1C893329-1834-43A0-960E-8DE677FBD575}.ReleaseTest|Any CPU.Build.0 = Release|Any CPU
		{1C893329-1834-43A0-960E-8DE677FBD575}.ReleaseXenDevApp001|Any CPU.ActiveCfg = Release|Any CPU
		{1C893329-1834-43A0-960E-8DE677FBD575}.ReleaseXenDevApp001|Any CPU.Build.0 = Release|Any CPU
		{1C893329-1834-43A0-960E-8DE677FBD575}.ReleaseXenDevApp002|Any CPU.ActiveCfg = Release|Any CPU
		{1C893329-1834-43A0-960E-8DE677FBD575}.ReleaseXenDevApp002|Any CPU.Build.0 = Release|Any CPU
		{1C893329-1834-43A0-960E-8DE677FBD575}.ReleaseXenDevApp002Holding|Any CPU.ActiveCfg = Release|Any CPU
		{1C893329-1834-43A0-960E-8DE677FBD575}.ReleaseXenDevApp002Holding|Any CPU.Build.0 = Release|Any CPU
		{1C893329-1834-43A0-960E-8DE677FBD575}.ReleaseXenTstApp001|Any CPU.ActiveCfg = Release|Any CPU
		{1C893329-1834-43A0-960E-8DE677FBD575}.ReleaseXenTstApp001|Any CPU.Build.0 = Release|Any CPU
		{1C893329-1834-43A0-960E-8DE677FBD575}.ReleaseXenTstApp002|Any CPU.ActiveCfg = Release|Any CPU
		{1C893329-1834-43A0-960E-8DE677FBD575}.ReleaseXenTstApp002|Any CPU.Build.0 = Release|Any CPU
		{D970C38D-D0BC-4C69-9CD9-1092C50A5346}.Debug|Any CPU.ActiveCfg = Debug|Any CPU
		{D970C38D-D0BC-4C69-9CD9-1092C50A5346}.Debug|Any CPU.Build.0 = Debug|Any CPU
		{D970C38D-D0BC-4C69-9CD9-1092C50A5346}.Local|Any CPU.ActiveCfg = Release|Any CPU
		{D970C38D-D0BC-4C69-9CD9-1092C50A5346}.Local|Any CPU.Build.0 = Release|Any CPU
		{D970C38D-D0BC-4C69-9CD9-1092C50A5346}.Release.XenTstWeb003|Any CPU.ActiveCfg = Release|Any CPU
		{D970C38D-D0BC-4C69-9CD9-1092C50A5346}.Release.XenTstWeb003|Any CPU.Build.0 = Release|Any CPU
		{D970C38D-D0BC-4C69-9CD9-1092C50A5346}.Release|Any CPU.ActiveCfg = Release|Any CPU
		{D970C38D-D0BC-4C69-9CD9-1092C50A5346}.Release|Any CPU.Build.0 = Release|Any CPU
		{D970C38D-D0BC-4C69-9CD9-1092C50A5346}.ReleaseDev|Any CPU.ActiveCfg = Release|Any CPU
		{D970C38D-D0BC-4C69-9CD9-1092C50A5346}.ReleaseDev|Any CPU.Build.0 = Release|Any CPU
		{D970C38D-D0BC-4C69-9CD9-1092C50A5346}.ReleaseTest|Any CPU.ActiveCfg = Release|Any CPU
		{D970C38D-D0BC-4C69-9CD9-1092C50A5346}.ReleaseTest|Any CPU.Build.0 = Release|Any CPU
		{D970C38D-D0BC-4C69-9CD9-1092C50A5346}.ReleaseXenDevApp001|Any CPU.ActiveCfg = Release|Any CPU
		{D970C38D-D0BC-4C69-9CD9-1092C50A5346}.ReleaseXenDevApp001|Any CPU.Build.0 = Release|Any CPU
		{D970C38D-D0BC-4C69-9CD9-1092C50A5346}.ReleaseXenDevApp002|Any CPU.ActiveCfg = Release|Any CPU
		{D970C38D-D0BC-4C69-9CD9-1092C50A5346}.ReleaseXenDevApp002|Any CPU.Build.0 = Release|Any CPU
		{D970C38D-D0BC-4C69-9CD9-1092C50A5346}.ReleaseXenDevApp002Holding|Any CPU.ActiveCfg = Release|Any CPU
		{D970C38D-D0BC-4C69-9CD9-1092C50A5346}.ReleaseXenDevApp002Holding|Any CPU.Build.0 = Release|Any CPU
		{D970C38D-D0BC-4C69-9CD9-1092C50A5346}.ReleaseXenTstApp001|Any CPU.ActiveCfg = Release|Any CPU
		{D970C38D-D0BC-4C69-9CD9-1092C50A5346}.ReleaseXenTstApp001|Any CPU.Build.0 = Release|Any CPU
		{D970C38D-D0BC-4C69-9CD9-1092C50A5346}.ReleaseXenTstApp002|Any CPU.ActiveCfg = Release|Any CPU
		{D970C38D-D0BC-4C69-9CD9-1092C50A5346}.ReleaseXenTstApp002|Any CPU.Build.0 = Release|Any CPU
		{B217D868-9CAB-4E0D-A0BC-D82423E64741}.Debug|Any CPU.ActiveCfg = Debug|Any CPU
		{B217D868-9CAB-4E0D-A0BC-D82423E64741}.Debug|Any CPU.Build.0 = Debug|Any CPU
		{B217D868-9CAB-4E0D-A0BC-D82423E64741}.Local|Any CPU.ActiveCfg = Release.XenTstWeb003|Any CPU
		{B217D868-9CAB-4E0D-A0BC-D82423E64741}.Local|Any CPU.Build.0 = Release.XenTstWeb003|Any CPU
		{B217D868-9CAB-4E0D-A0BC-D82423E64741}.Release.XenTstWeb003|Any CPU.ActiveCfg = Release.XenTstWeb003|Any CPU
		{B217D868-9CAB-4E0D-A0BC-D82423E64741}.Release.XenTstWeb003|Any CPU.Build.0 = Release.XenTstWeb003|Any CPU
		{B217D868-9CAB-4E0D-A0BC-D82423E64741}.Release|Any CPU.ActiveCfg = Release|Any CPU
		{B217D868-9CAB-4E0D-A0BC-D82423E64741}.Release|Any CPU.Build.0 = Release|Any CPU
		{B217D868-9CAB-4E0D-A0BC-D82423E64741}.ReleaseDev|Any CPU.ActiveCfg = Release.XenTstWeb003|Any CPU
		{B217D868-9CAB-4E0D-A0BC-D82423E64741}.ReleaseDev|Any CPU.Build.0 = Release.XenTstWeb003|Any CPU
		{B217D868-9CAB-4E0D-A0BC-D82423E64741}.ReleaseTest|Any CPU.ActiveCfg = Release.XenTstWeb003|Any CPU
		{B217D868-9CAB-4E0D-A0BC-D82423E64741}.ReleaseTest|Any CPU.Build.0 = Release.XenTstWeb003|Any CPU
		{B217D868-9CAB-4E0D-A0BC-D82423E64741}.ReleaseXenDevApp001|Any CPU.ActiveCfg = Release.XenTstWeb003|Any CPU
		{B217D868-9CAB-4E0D-A0BC-D82423E64741}.ReleaseXenDevApp001|Any CPU.Build.0 = Release.XenTstWeb003|Any CPU
		{B217D868-9CAB-4E0D-A0BC-D82423E64741}.ReleaseXenDevApp002|Any CPU.ActiveCfg = Release.XenTstWeb003|Any CPU
		{B217D868-9CAB-4E0D-A0BC-D82423E64741}.ReleaseXenDevApp002|Any CPU.Build.0 = Release.XenTstWeb003|Any CPU
		{B217D868-9CAB-4E0D-A0BC-D82423E64741}.ReleaseXenDevApp002Holding|Any CPU.ActiveCfg = Release.XenTstWeb003|Any CPU
		{B217D868-9CAB-4E0D-A0BC-D82423E64741}.ReleaseXenDevApp002Holding|Any CPU.Build.0 = Release.XenTstWeb003|Any CPU
		{B217D868-9CAB-4E0D-A0BC-D82423E64741}.ReleaseXenTstApp001|Any CPU.ActiveCfg = Release.XenTstWeb003|Any CPU
		{B217D868-9CAB-4E0D-A0BC-D82423E64741}.ReleaseXenTstApp001|Any CPU.Build.0 = Release.XenTstWeb003|Any CPU
		{B217D868-9CAB-4E0D-A0BC-D82423E64741}.ReleaseXenTstApp002|Any CPU.ActiveCfg = Release.XenTstWeb003|Any CPU
		{B217D868-9CAB-4E0D-A0BC-D82423E64741}.ReleaseXenTstApp002|Any CPU.Build.0 = Release.XenTstWeb003|Any CPU
		{8B6625B0-E86E-4B07-BC0A-4F90A5F804C2}.Debug|Any CPU.ActiveCfg = Debug|Any CPU
		{8B6625B0-E86E-4B07-BC0A-4F90A5F804C2}.Debug|Any CPU.Build.0 = Debug|Any CPU
		{8B6625B0-E86E-4B07-BC0A-4F90A5F804C2}.Local|Any CPU.ActiveCfg = Local|Any CPU
		{8B6625B0-E86E-4B07-BC0A-4F90A5F804C2}.Local|Any CPU.Build.0 = Local|Any CPU
		{8B6625B0-E86E-4B07-BC0A-4F90A5F804C2}.Release.XenTstWeb003|Any CPU.ActiveCfg = ReleaseXenDevApp002Holding|Any CPU
		{8B6625B0-E86E-4B07-BC0A-4F90A5F804C2}.Release.XenTstWeb003|Any CPU.Build.0 = ReleaseXenDevApp002Holding|Any CPU
		{8B6625B0-E86E-4B07-BC0A-4F90A5F804C2}.Release|Any CPU.ActiveCfg = Release|Any CPU
		{8B6625B0-E86E-4B07-BC0A-4F90A5F804C2}.Release|Any CPU.Build.0 = Release|Any CPU
		{8B6625B0-E86E-4B07-BC0A-4F90A5F804C2}.ReleaseDev|Any CPU.ActiveCfg = ReleaseDev|Any CPU
		{8B6625B0-E86E-4B07-BC0A-4F90A5F804C2}.ReleaseDev|Any CPU.Build.0 = ReleaseDev|Any CPU
		{8B6625B0-E86E-4B07-BC0A-4F90A5F804C2}.ReleaseTest|Any CPU.ActiveCfg = ReleaseTest|Any CPU
		{8B6625B0-E86E-4B07-BC0A-4F90A5F804C2}.ReleaseTest|Any CPU.Build.0 = ReleaseTest|Any CPU
		{8B6625B0-E86E-4B07-BC0A-4F90A5F804C2}.ReleaseXenDevApp001|Any CPU.ActiveCfg = ReleaseXenDevApp001|Any CPU
		{8B6625B0-E86E-4B07-BC0A-4F90A5F804C2}.ReleaseXenDevApp001|Any CPU.Build.0 = ReleaseXenDevApp001|Any CPU
		{8B6625B0-E86E-4B07-BC0A-4F90A5F804C2}.ReleaseXenDevApp002|Any CPU.ActiveCfg = ReleaseXenDevApp002|Any CPU
		{8B6625B0-E86E-4B07-BC0A-4F90A5F804C2}.ReleaseXenDevApp002|Any CPU.Build.0 = ReleaseXenDevApp002|Any CPU
		{8B6625B0-E86E-4B07-BC0A-4F90A5F804C2}.ReleaseXenDevApp002Holding|Any CPU.ActiveCfg = ReleaseXenDevApp002Holding|Any CPU
		{8B6625B0-E86E-4B07-BC0A-4F90A5F804C2}.ReleaseXenDevApp002Holding|Any CPU.Build.0 = ReleaseXenDevApp002Holding|Any CPU
		{8B6625B0-E86E-4B07-BC0A-4F90A5F804C2}.ReleaseXenTstApp001|Any CPU.ActiveCfg = ReleaseXenTstApp001|Any CPU
		{8B6625B0-E86E-4B07-BC0A-4F90A5F804C2}.ReleaseXenTstApp001|Any CPU.Build.0 = ReleaseXenTstApp001|Any CPU
		{8B6625B0-E86E-4B07-BC0A-4F90A5F804C2}.ReleaseXenTstApp002|Any CPU.ActiveCfg = ReleaseXenTstApp002|Any CPU
		{8B6625B0-E86E-4B07-BC0A-4F90A5F804C2}.ReleaseXenTstApp002|Any CPU.Build.0 = ReleaseXenTstApp002|Any CPU
		{539E2B21-5970-4CEC-B479-7B560A2D407B}.Debug|Any CPU.ActiveCfg = Debug|Any CPU
		{539E2B21-5970-4CEC-B479-7B560A2D407B}.Debug|Any CPU.Build.0 = Debug|Any CPU
		{539E2B21-5970-4CEC-B479-7B560A2D407B}.Local|Any CPU.ActiveCfg = Release.XenTstWeb003|Any CPU
		{539E2B21-5970-4CEC-B479-7B560A2D407B}.Local|Any CPU.Build.0 = Release.XenTstWeb003|Any CPU
		{539E2B21-5970-4CEC-B479-7B560A2D407B}.Release.XenTstWeb003|Any CPU.ActiveCfg = Release.XenTstWeb003|Any CPU
		{539E2B21-5970-4CEC-B479-7B560A2D407B}.Release.XenTstWeb003|Any CPU.Build.0 = Release.XenTstWeb003|Any CPU
		{539E2B21-5970-4CEC-B479-7B560A2D407B}.Release|Any CPU.ActiveCfg = Release|Any CPU
		{539E2B21-5970-4CEC-B479-7B560A2D407B}.Release|Any CPU.Build.0 = Release|Any CPU
		{539E2B21-5970-4CEC-B479-7B560A2D407B}.ReleaseDev|Any CPU.ActiveCfg = Release.XenTstWeb003|Any CPU
		{539E2B21-5970-4CEC-B479-7B560A2D407B}.ReleaseDev|Any CPU.Build.0 = Release.XenTstWeb003|Any CPU
		{539E2B21-5970-4CEC-B479-7B560A2D407B}.ReleaseTest|Any CPU.ActiveCfg = Release.XenTstWeb003|Any CPU
		{539E2B21-5970-4CEC-B479-7B560A2D407B}.ReleaseTest|Any CPU.Build.0 = Release.XenTstWeb003|Any CPU
		{539E2B21-5970-4CEC-B479-7B560A2D407B}.ReleaseXenDevApp001|Any CPU.ActiveCfg = Release.XenTstWeb003|Any CPU
		{539E2B21-5970-4CEC-B479-7B560A2D407B}.ReleaseXenDevApp001|Any CPU.Build.0 = Release.XenTstWeb003|Any CPU
		{539E2B21-5970-4CEC-B479-7B560A2D407B}.ReleaseXenDevApp002|Any CPU.ActiveCfg = Release.XenTstWeb003|Any CPU
		{539E2B21-5970-4CEC-B479-7B560A2D407B}.ReleaseXenDevApp002|Any CPU.Build.0 = Release.XenTstWeb003|Any CPU
		{539E2B21-5970-4CEC-B479-7B560A2D407B}.ReleaseXenDevApp002Holding|Any CPU.ActiveCfg = Release.XenTstWeb003|Any CPU
		{539E2B21-5970-4CEC-B479-7B560A2D407B}.ReleaseXenDevApp002Holding|Any CPU.Build.0 = Release.XenTstWeb003|Any CPU
		{539E2B21-5970-4CEC-B479-7B560A2D407B}.ReleaseXenTstApp001|Any CPU.ActiveCfg = Release.XenTstWeb003|Any CPU
		{539E2B21-5970-4CEC-B479-7B560A2D407B}.ReleaseXenTstApp001|Any CPU.Build.0 = Release.XenTstWeb003|Any CPU
		{539E2B21-5970-4CEC-B479-7B560A2D407B}.ReleaseXenTstApp002|Any CPU.ActiveCfg = Release.XenTstWeb003|Any CPU
		{539E2B21-5970-4CEC-B479-7B560A2D407B}.ReleaseXenTstApp002|Any CPU.Build.0 = Release.XenTstWeb003|Any CPU
		{6ADD8735-4FE1-471D-991A-6DFA7D588899}.Debug|Any CPU.ActiveCfg = Debug|Any CPU
		{6ADD8735-4FE1-471D-991A-6DFA7D588899}.Debug|Any CPU.Build.0 = Debug|Any CPU
		{6ADD8735-4FE1-471D-991A-6DFA7D588899}.Local|Any CPU.ActiveCfg = Release|Any CPU
		{6ADD8735-4FE1-471D-991A-6DFA7D588899}.Local|Any CPU.Build.0 = Release|Any CPU
		{6ADD8735-4FE1-471D-991A-6DFA7D588899}.Release.XenTstWeb003|Any CPU.ActiveCfg = Release|Any CPU
		{6ADD8735-4FE1-471D-991A-6DFA7D588899}.Release.XenTstWeb003|Any CPU.Build.0 = Release|Any CPU
		{6ADD8735-4FE1-471D-991A-6DFA7D588899}.Release|Any CPU.ActiveCfg = Release|Any CPU
		{6ADD8735-4FE1-471D-991A-6DFA7D588899}.Release|Any CPU.Build.0 = Release|Any CPU
		{6ADD8735-4FE1-471D-991A-6DFA7D588899}.ReleaseDev|Any CPU.ActiveCfg = Release|Any CPU
		{6ADD8735-4FE1-471D-991A-6DFA7D588899}.ReleaseDev|Any CPU.Build.0 = Release|Any CPU
		{6ADD8735-4FE1-471D-991A-6DFA7D588899}.ReleaseTest|Any CPU.ActiveCfg = Release|Any CPU
		{6ADD8735-4FE1-471D-991A-6DFA7D588899}.ReleaseTest|Any CPU.Build.0 = Release|Any CPU
		{6ADD8735-4FE1-471D-991A-6DFA7D588899}.ReleaseXenDevApp001|Any CPU.ActiveCfg = Release|Any CPU
		{6ADD8735-4FE1-471D-991A-6DFA7D588899}.ReleaseXenDevApp001|Any CPU.Build.0 = Release|Any CPU
		{6ADD8735-4FE1-471D-991A-6DFA7D588899}.ReleaseXenDevApp002|Any CPU.ActiveCfg = Release|Any CPU
		{6ADD8735-4FE1-471D-991A-6DFA7D588899}.ReleaseXenDevApp002|Any CPU.Build.0 = Release|Any CPU
		{6ADD8735-4FE1-471D-991A-6DFA7D588899}.ReleaseXenDevApp002Holding|Any CPU.ActiveCfg = Release|Any CPU
		{6ADD8735-4FE1-471D-991A-6DFA7D588899}.ReleaseXenDevApp002Holding|Any CPU.Build.0 = Release|Any CPU
		{6ADD8735-4FE1-471D-991A-6DFA7D588899}.ReleaseXenTstApp001|Any CPU.ActiveCfg = Release|Any CPU
		{6ADD8735-4FE1-471D-991A-6DFA7D588899}.ReleaseXenTstApp001|Any CPU.Build.0 = Release|Any CPU
		{6ADD8735-4FE1-471D-991A-6DFA7D588899}.ReleaseXenTstApp002|Any CPU.ActiveCfg = Release|Any CPU
		{6ADD8735-4FE1-471D-991A-6DFA7D588899}.ReleaseXenTstApp002|Any CPU.Build.0 = Release|Any CPU
		{F3EAB25A-9FFE-4DDA-9236-71F76FFBD908}.Debug|Any CPU.ActiveCfg = Debug|Any CPU
		{F3EAB25A-9FFE-4DDA-9236-71F76FFBD908}.Debug|Any CPU.Build.0 = Debug|Any CPU
		{F3EAB25A-9FFE-4DDA-9236-71F76FFBD908}.Local|Any CPU.ActiveCfg = Release.XenTstWeb003|Any CPU
		{F3EAB25A-9FFE-4DDA-9236-71F76FFBD908}.Local|Any CPU.Build.0 = Release.XenTstWeb003|Any CPU
		{F3EAB25A-9FFE-4DDA-9236-71F76FFBD908}.Release.XenTstWeb003|Any CPU.ActiveCfg = Release.XenTstWeb003|Any CPU
		{F3EAB25A-9FFE-4DDA-9236-71F76FFBD908}.Release.XenTstWeb003|Any CPU.Build.0 = Release.XenTstWeb003|Any CPU
		{F3EAB25A-9FFE-4DDA-9236-71F76FFBD908}.Release|Any CPU.ActiveCfg = Release|Any CPU
		{F3EAB25A-9FFE-4DDA-9236-71F76FFBD908}.Release|Any CPU.Build.0 = Release|Any CPU
		{F3EAB25A-9FFE-4DDA-9236-71F76FFBD908}.ReleaseDev|Any CPU.ActiveCfg = Release.XenTstWeb003|Any CPU
		{F3EAB25A-9FFE-4DDA-9236-71F76FFBD908}.ReleaseDev|Any CPU.Build.0 = Release.XenTstWeb003|Any CPU
		{F3EAB25A-9FFE-4DDA-9236-71F76FFBD908}.ReleaseTest|Any CPU.ActiveCfg = Release.XenTstWeb003|Any CPU
		{F3EAB25A-9FFE-4DDA-9236-71F76FFBD908}.ReleaseTest|Any CPU.Build.0 = Release.XenTstWeb003|Any CPU
		{F3EAB25A-9FFE-4DDA-9236-71F76FFBD908}.ReleaseXenDevApp001|Any CPU.ActiveCfg = Release.XenTstWeb003|Any CPU
		{F3EAB25A-9FFE-4DDA-9236-71F76FFBD908}.ReleaseXenDevApp001|Any CPU.Build.0 = Release.XenTstWeb003|Any CPU
		{F3EAB25A-9FFE-4DDA-9236-71F76FFBD908}.ReleaseXenDevApp002|Any CPU.ActiveCfg = Release.XenTstWeb003|Any CPU
		{F3EAB25A-9FFE-4DDA-9236-71F76FFBD908}.ReleaseXenDevApp002|Any CPU.Build.0 = Release.XenTstWeb003|Any CPU
		{F3EAB25A-9FFE-4DDA-9236-71F76FFBD908}.ReleaseXenDevApp002Holding|Any CPU.ActiveCfg = Release.XenTstWeb003|Any CPU
		{F3EAB25A-9FFE-4DDA-9236-71F76FFBD908}.ReleaseXenDevApp002Holding|Any CPU.Build.0 = Release.XenTstWeb003|Any CPU
		{F3EAB25A-9FFE-4DDA-9236-71F76FFBD908}.ReleaseXenTstApp001|Any CPU.ActiveCfg = Release.XenTstWeb003|Any CPU
		{F3EAB25A-9FFE-4DDA-9236-71F76FFBD908}.ReleaseXenTstApp001|Any CPU.Build.0 = Release.XenTstWeb003|Any CPU
		{F3EAB25A-9FFE-4DDA-9236-71F76FFBD908}.ReleaseXenTstApp002|Any CPU.ActiveCfg = Release.XenTstWeb003|Any CPU
		{F3EAB25A-9FFE-4DDA-9236-71F76FFBD908}.ReleaseXenTstApp002|Any CPU.Build.0 = Release.XenTstWeb003|Any CPU
		{DFA55549-F5DB-4B97-813E-46EAA8A79BF7}.Debug|Any CPU.ActiveCfg = Debug|Any CPU
		{DFA55549-F5DB-4B97-813E-46EAA8A79BF7}.Debug|Any CPU.Build.0 = Debug|Any CPU
		{DFA55549-F5DB-4B97-813E-46EAA8A79BF7}.Local|Any CPU.ActiveCfg = Release|Any CPU
		{DFA55549-F5DB-4B97-813E-46EAA8A79BF7}.Local|Any CPU.Build.0 = Release|Any CPU
		{DFA55549-F5DB-4B97-813E-46EAA8A79BF7}.Release.XenTstWeb003|Any CPU.ActiveCfg = Release|Any CPU
		{DFA55549-F5DB-4B97-813E-46EAA8A79BF7}.Release.XenTstWeb003|Any CPU.Build.0 = Release|Any CPU
		{DFA55549-F5DB-4B97-813E-46EAA8A79BF7}.Release|Any CPU.ActiveCfg = Release|Any CPU
		{DFA55549-F5DB-4B97-813E-46EAA8A79BF7}.Release|Any CPU.Build.0 = Release|Any CPU
		{DFA55549-F5DB-4B97-813E-46EAA8A79BF7}.ReleaseDev|Any CPU.ActiveCfg = Release|Any CPU
		{DFA55549-F5DB-4B97-813E-46EAA8A79BF7}.ReleaseDev|Any CPU.Build.0 = Release|Any CPU
		{DFA55549-F5DB-4B97-813E-46EAA8A79BF7}.ReleaseTest|Any CPU.ActiveCfg = Release|Any CPU
		{DFA55549-F5DB-4B97-813E-46EAA8A79BF7}.ReleaseTest|Any CPU.Build.0 = Release|Any CPU
		{DFA55549-F5DB-4B97-813E-46EAA8A79BF7}.ReleaseXenDevApp001|Any CPU.ActiveCfg = Release|Any CPU
		{DFA55549-F5DB-4B97-813E-46EAA8A79BF7}.ReleaseXenDevApp001|Any CPU.Build.0 = Release|Any CPU
		{DFA55549-F5DB-4B97-813E-46EAA8A79BF7}.ReleaseXenDevApp002|Any CPU.ActiveCfg = Release|Any CPU
		{DFA55549-F5DB-4B97-813E-46EAA8A79BF7}.ReleaseXenDevApp002|Any CPU.Build.0 = Release|Any CPU
		{DFA55549-F5DB-4B97-813E-46EAA8A79BF7}.ReleaseXenDevApp002Holding|Any CPU.ActiveCfg = Release|Any CPU
		{DFA55549-F5DB-4B97-813E-46EAA8A79BF7}.ReleaseXenDevApp002Holding|Any CPU.Build.0 = Release|Any CPU
		{DFA55549-F5DB-4B97-813E-46EAA8A79BF7}.ReleaseXenTstApp001|Any CPU.ActiveCfg = Release|Any CPU
		{DFA55549-F5DB-4B97-813E-46EAA8A79BF7}.ReleaseXenTstApp001|Any CPU.Build.0 = Release|Any CPU
		{DFA55549-F5DB-4B97-813E-46EAA8A79BF7}.ReleaseXenTstApp002|Any CPU.ActiveCfg = Release|Any CPU
		{DFA55549-F5DB-4B97-813E-46EAA8A79BF7}.ReleaseXenTstApp002|Any CPU.Build.0 = Release|Any CPU
		{E04D495E-89A3-4D47-90C3-FFC97BA556C4}.Debug|Any CPU.ActiveCfg = Debug|Any CPU
		{E04D495E-89A3-4D47-90C3-FFC97BA556C4}.Debug|Any CPU.Build.0 = Debug|Any CPU
		{E04D495E-89A3-4D47-90C3-FFC97BA556C4}.Local|Any CPU.ActiveCfg = Release.XenTstWeb003|Any CPU
		{E04D495E-89A3-4D47-90C3-FFC97BA556C4}.Local|Any CPU.Build.0 = Release.XenTstWeb003|Any CPU
		{E04D495E-89A3-4D47-90C3-FFC97BA556C4}.Release.XenTstWeb003|Any CPU.ActiveCfg = Release.XenTstWeb003|Any CPU
		{E04D495E-89A3-4D47-90C3-FFC97BA556C4}.Release.XenTstWeb003|Any CPU.Build.0 = Release.XenTstWeb003|Any CPU
		{E04D495E-89A3-4D47-90C3-FFC97BA556C4}.Release|Any CPU.ActiveCfg = Release|Any CPU
		{E04D495E-89A3-4D47-90C3-FFC97BA556C4}.Release|Any CPU.Build.0 = Release|Any CPU
		{E04D495E-89A3-4D47-90C3-FFC97BA556C4}.ReleaseDev|Any CPU.ActiveCfg = Release.XenTstWeb003|Any CPU
		{E04D495E-89A3-4D47-90C3-FFC97BA556C4}.ReleaseDev|Any CPU.Build.0 = Release.XenTstWeb003|Any CPU
		{E04D495E-89A3-4D47-90C3-FFC97BA556C4}.ReleaseTest|Any CPU.ActiveCfg = Release.XenTstWeb003|Any CPU
		{E04D495E-89A3-4D47-90C3-FFC97BA556C4}.ReleaseTest|Any CPU.Build.0 = Release.XenTstWeb003|Any CPU
		{E04D495E-89A3-4D47-90C3-FFC97BA556C4}.ReleaseXenDevApp001|Any CPU.ActiveCfg = Release.XenTstWeb003|Any CPU
		{E04D495E-89A3-4D47-90C3-FFC97BA556C4}.ReleaseXenDevApp001|Any CPU.Build.0 = Release.XenTstWeb003|Any CPU
		{E04D495E-89A3-4D47-90C3-FFC97BA556C4}.ReleaseXenDevApp002|Any CPU.ActiveCfg = Release.XenTstWeb003|Any CPU
		{E04D495E-89A3-4D47-90C3-FFC97BA556C4}.ReleaseXenDevApp002|Any CPU.Build.0 = Release.XenTstWeb003|Any CPU
		{E04D495E-89A3-4D47-90C3-FFC97BA556C4}.ReleaseXenDevApp002Holding|Any CPU.ActiveCfg = Release.XenTstWeb003|Any CPU
		{E04D495E-89A3-4D47-90C3-FFC97BA556C4}.ReleaseXenDevApp002Holding|Any CPU.Build.0 = Release.XenTstWeb003|Any CPU
		{E04D495E-89A3-4D47-90C3-FFC97BA556C4}.ReleaseXenTstApp001|Any CPU.ActiveCfg = Release.XenTstWeb003|Any CPU
		{E04D495E-89A3-4D47-90C3-FFC97BA556C4}.ReleaseXenTstApp001|Any CPU.Build.0 = Release.XenTstWeb003|Any CPU
		{E04D495E-89A3-4D47-90C3-FFC97BA556C4}.ReleaseXenTstApp002|Any CPU.ActiveCfg = Release.XenTstWeb003|Any CPU
		{E04D495E-89A3-4D47-90C3-FFC97BA556C4}.ReleaseXenTstApp002|Any CPU.Build.0 = Release.XenTstWeb003|Any CPU
		{D5DDBA0D-9BF0-497B-976D-08D39B7FE976}.Debug|Any CPU.ActiveCfg = Debug|Any CPU
		{D5DDBA0D-9BF0-497B-976D-08D39B7FE976}.Debug|Any CPU.Build.0 = Debug|Any CPU
		{D5DDBA0D-9BF0-497B-976D-08D39B7FE976}.Local|Any CPU.ActiveCfg = Release.XenTstWeb003|Any CPU
		{D5DDBA0D-9BF0-497B-976D-08D39B7FE976}.Local|Any CPU.Build.0 = Release.XenTstWeb003|Any CPU
		{D5DDBA0D-9BF0-497B-976D-08D39B7FE976}.Release.XenTstWeb003|Any CPU.ActiveCfg = Release.XenTstWeb003|Any CPU
		{D5DDBA0D-9BF0-497B-976D-08D39B7FE976}.Release.XenTstWeb003|Any CPU.Build.0 = Release.XenTstWeb003|Any CPU
		{D5DDBA0D-9BF0-497B-976D-08D39B7FE976}.Release|Any CPU.ActiveCfg = Release|Any CPU
		{D5DDBA0D-9BF0-497B-976D-08D39B7FE976}.Release|Any CPU.Build.0 = Release|Any CPU
		{D5DDBA0D-9BF0-497B-976D-08D39B7FE976}.ReleaseDev|Any CPU.ActiveCfg = Release.XenTstWeb003|Any CPU
		{D5DDBA0D-9BF0-497B-976D-08D39B7FE976}.ReleaseDev|Any CPU.Build.0 = Release.XenTstWeb003|Any CPU
		{D5DDBA0D-9BF0-497B-976D-08D39B7FE976}.ReleaseTest|Any CPU.ActiveCfg = Release.XenTstWeb003|Any CPU
		{D5DDBA0D-9BF0-497B-976D-08D39B7FE976}.ReleaseTest|Any CPU.Build.0 = Release.XenTstWeb003|Any CPU
		{D5DDBA0D-9BF0-497B-976D-08D39B7FE976}.ReleaseXenDevApp001|Any CPU.ActiveCfg = Release.XenTstWeb003|Any CPU
		{D5DDBA0D-9BF0-497B-976D-08D39B7FE976}.ReleaseXenDevApp001|Any CPU.Build.0 = Release.XenTstWeb003|Any CPU
		{D5DDBA0D-9BF0-497B-976D-08D39B7FE976}.ReleaseXenDevApp002|Any CPU.ActiveCfg = Release.XenTstWeb003|Any CPU
		{D5DDBA0D-9BF0-497B-976D-08D39B7FE976}.ReleaseXenDevApp002|Any CPU.Build.0 = Release.XenTstWeb003|Any CPU
		{D5DDBA0D-9BF0-497B-976D-08D39B7FE976}.ReleaseXenDevApp002Holding|Any CPU.ActiveCfg = Release.XenTstWeb003|Any CPU
		{D5DDBA0D-9BF0-497B-976D-08D39B7FE976}.ReleaseXenDevApp002Holding|Any CPU.Build.0 = Release.XenTstWeb003|Any CPU
		{D5DDBA0D-9BF0-497B-976D-08D39B7FE976}.ReleaseXenTstApp001|Any CPU.ActiveCfg = Release.XenTstWeb003|Any CPU
		{D5DDBA0D-9BF0-497B-976D-08D39B7FE976}.ReleaseXenTstApp001|Any CPU.Build.0 = Release.XenTstWeb003|Any CPU
		{D5DDBA0D-9BF0-497B-976D-08D39B7FE976}.ReleaseXenTstApp002|Any CPU.ActiveCfg = Release.XenTstWeb003|Any CPU
		{D5DDBA0D-9BF0-497B-976D-08D39B7FE976}.ReleaseXenTstApp002|Any CPU.Build.0 = Release.XenTstWeb003|Any CPU
		{9F6F9127-FE24-4F59-9E43-3AD252360AE1}.Debug|Any CPU.ActiveCfg = Debug|Any CPU
		{9F6F9127-FE24-4F59-9E43-3AD252360AE1}.Debug|Any CPU.Build.0 = Debug|Any CPU
		{9F6F9127-FE24-4F59-9E43-3AD252360AE1}.Local|Any CPU.ActiveCfg = Release.XenTstWeb003|Any CPU
		{9F6F9127-FE24-4F59-9E43-3AD252360AE1}.Local|Any CPU.Build.0 = Release.XenTstWeb003|Any CPU
		{9F6F9127-FE24-4F59-9E43-3AD252360AE1}.Release.XenTstWeb003|Any CPU.ActiveCfg = Release.XenTstWeb003|Any CPU
		{9F6F9127-FE24-4F59-9E43-3AD252360AE1}.Release.XenTstWeb003|Any CPU.Build.0 = Release.XenTstWeb003|Any CPU
		{9F6F9127-FE24-4F59-9E43-3AD252360AE1}.Release|Any CPU.ActiveCfg = Release|Any CPU
		{9F6F9127-FE24-4F59-9E43-3AD252360AE1}.Release|Any CPU.Build.0 = Release|Any CPU
		{9F6F9127-FE24-4F59-9E43-3AD252360AE1}.ReleaseDev|Any CPU.ActiveCfg = Release.XenTstWeb003|Any CPU
		{9F6F9127-FE24-4F59-9E43-3AD252360AE1}.ReleaseDev|Any CPU.Build.0 = Release.XenTstWeb003|Any CPU
		{9F6F9127-FE24-4F59-9E43-3AD252360AE1}.ReleaseTest|Any CPU.ActiveCfg = Release.XenTstWeb003|Any CPU
		{9F6F9127-FE24-4F59-9E43-3AD252360AE1}.ReleaseTest|Any CPU.Build.0 = Release.XenTstWeb003|Any CPU
		{9F6F9127-FE24-4F59-9E43-3AD252360AE1}.ReleaseXenDevApp001|Any CPU.ActiveCfg = Release.XenTstWeb003|Any CPU
		{9F6F9127-FE24-4F59-9E43-3AD252360AE1}.ReleaseXenDevApp001|Any CPU.Build.0 = Release.XenTstWeb003|Any CPU
		{9F6F9127-FE24-4F59-9E43-3AD252360AE1}.ReleaseXenDevApp002|Any CPU.ActiveCfg = Release.XenTstWeb003|Any CPU
		{9F6F9127-FE24-4F59-9E43-3AD252360AE1}.ReleaseXenDevApp002|Any CPU.Build.0 = Release.XenTstWeb003|Any CPU
		{9F6F9127-FE24-4F59-9E43-3AD252360AE1}.ReleaseXenDevApp002Holding|Any CPU.ActiveCfg = Release.XenTstWeb003|Any CPU
		{9F6F9127-FE24-4F59-9E43-3AD252360AE1}.ReleaseXenDevApp002Holding|Any CPU.Build.0 = Release.XenTstWeb003|Any CPU
		{9F6F9127-FE24-4F59-9E43-3AD252360AE1}.ReleaseXenTstApp001|Any CPU.ActiveCfg = Release.XenTstWeb003|Any CPU
		{9F6F9127-FE24-4F59-9E43-3AD252360AE1}.ReleaseXenTstApp001|Any CPU.Build.0 = Release.XenTstWeb003|Any CPU
		{9F6F9127-FE24-4F59-9E43-3AD252360AE1}.ReleaseXenTstApp002|Any CPU.ActiveCfg = Release.XenTstWeb003|Any CPU
		{9F6F9127-FE24-4F59-9E43-3AD252360AE1}.ReleaseXenTstApp002|Any CPU.Build.0 = Release.XenTstWeb003|Any CPU
		{B0A9F6E9-6648-484C-B213-8B15B80973D3}.Debug|Any CPU.ActiveCfg = Debug|Any CPU
		{B0A9F6E9-6648-484C-B213-8B15B80973D3}.Debug|Any CPU.Build.0 = Debug|Any CPU
		{B0A9F6E9-6648-484C-B213-8B15B80973D3}.Local|Any CPU.ActiveCfg = Release.XenTstWeb003|Any CPU
		{B0A9F6E9-6648-484C-B213-8B15B80973D3}.Local|Any CPU.Build.0 = Release.XenTstWeb003|Any CPU
		{B0A9F6E9-6648-484C-B213-8B15B80973D3}.Release.XenTstWeb003|Any CPU.ActiveCfg = Release.XenTstWeb003|Any CPU
		{B0A9F6E9-6648-484C-B213-8B15B80973D3}.Release.XenTstWeb003|Any CPU.Build.0 = Release.XenTstWeb003|Any CPU
		{B0A9F6E9-6648-484C-B213-8B15B80973D3}.Release|Any CPU.ActiveCfg = Release|Any CPU
		{B0A9F6E9-6648-484C-B213-8B15B80973D3}.Release|Any CPU.Build.0 = Release|Any CPU
		{B0A9F6E9-6648-484C-B213-8B15B80973D3}.ReleaseDev|Any CPU.ActiveCfg = Release.XenTstWeb003|Any CPU
		{B0A9F6E9-6648-484C-B213-8B15B80973D3}.ReleaseDev|Any CPU.Build.0 = Release.XenTstWeb003|Any CPU
		{B0A9F6E9-6648-484C-B213-8B15B80973D3}.ReleaseTest|Any CPU.ActiveCfg = Release.XenTstWeb003|Any CPU
		{B0A9F6E9-6648-484C-B213-8B15B80973D3}.ReleaseTest|Any CPU.Build.0 = Release.XenTstWeb003|Any CPU
		{B0A9F6E9-6648-484C-B213-8B15B80973D3}.ReleaseXenDevApp001|Any CPU.ActiveCfg = Release.XenTstWeb003|Any CPU
		{B0A9F6E9-6648-484C-B213-8B15B80973D3}.ReleaseXenDevApp001|Any CPU.Build.0 = Release.XenTstWeb003|Any CPU
		{B0A9F6E9-6648-484C-B213-8B15B80973D3}.ReleaseXenDevApp002|Any CPU.ActiveCfg = Release.XenTstWeb003|Any CPU
		{B0A9F6E9-6648-484C-B213-8B15B80973D3}.ReleaseXenDevApp002|Any CPU.Build.0 = Release.XenTstWeb003|Any CPU
		{B0A9F6E9-6648-484C-B213-8B15B80973D3}.ReleaseXenDevApp002Holding|Any CPU.ActiveCfg = Release.XenTstWeb003|Any CPU
		{B0A9F6E9-6648-484C-B213-8B15B80973D3}.ReleaseXenDevApp002Holding|Any CPU.Build.0 = Release.XenTstWeb003|Any CPU
		{B0A9F6E9-6648-484C-B213-8B15B80973D3}.ReleaseXenTstApp001|Any CPU.ActiveCfg = Release.XenTstWeb003|Any CPU
		{B0A9F6E9-6648-484C-B213-8B15B80973D3}.ReleaseXenTstApp001|Any CPU.Build.0 = Release.XenTstWeb003|Any CPU
		{B0A9F6E9-6648-484C-B213-8B15B80973D3}.ReleaseXenTstApp002|Any CPU.ActiveCfg = Release.XenTstWeb003|Any CPU
		{B0A9F6E9-6648-484C-B213-8B15B80973D3}.ReleaseXenTstApp002|Any CPU.Build.0 = Release.XenTstWeb003|Any CPU
		{798AAFB3-6A50-4990-8C52-EDE71C589FC8}.Debug|Any CPU.ActiveCfg = Debug|Any CPU
		{798AAFB3-6A50-4990-8C52-EDE71C589FC8}.Debug|Any CPU.Build.0 = Debug|Any CPU
		{798AAFB3-6A50-4990-8C52-EDE71C589FC8}.Local|Any CPU.ActiveCfg = Release.XenTstWeb003|Any CPU
		{798AAFB3-6A50-4990-8C52-EDE71C589FC8}.Local|Any CPU.Build.0 = Release.XenTstWeb003|Any CPU
		{798AAFB3-6A50-4990-8C52-EDE71C589FC8}.Release.XenTstWeb003|Any CPU.ActiveCfg = Release.XenTstWeb003|Any CPU
		{798AAFB3-6A50-4990-8C52-EDE71C589FC8}.Release.XenTstWeb003|Any CPU.Build.0 = Release.XenTstWeb003|Any CPU
		{798AAFB3-6A50-4990-8C52-EDE71C589FC8}.Release|Any CPU.ActiveCfg = Release|Any CPU
		{798AAFB3-6A50-4990-8C52-EDE71C589FC8}.Release|Any CPU.Build.0 = Release|Any CPU
		{798AAFB3-6A50-4990-8C52-EDE71C589FC8}.ReleaseDev|Any CPU.ActiveCfg = Release.XenTstWeb003|Any CPU
		{798AAFB3-6A50-4990-8C52-EDE71C589FC8}.ReleaseDev|Any CPU.Build.0 = Release.XenTstWeb003|Any CPU
		{798AAFB3-6A50-4990-8C52-EDE71C589FC8}.ReleaseTest|Any CPU.ActiveCfg = Release.XenTstWeb003|Any CPU
		{798AAFB3-6A50-4990-8C52-EDE71C589FC8}.ReleaseTest|Any CPU.Build.0 = Release.XenTstWeb003|Any CPU
		{798AAFB3-6A50-4990-8C52-EDE71C589FC8}.ReleaseXenDevApp001|Any CPU.ActiveCfg = Release.XenTstWeb003|Any CPU
		{798AAFB3-6A50-4990-8C52-EDE71C589FC8}.ReleaseXenDevApp001|Any CPU.Build.0 = Release.XenTstWeb003|Any CPU
		{798AAFB3-6A50-4990-8C52-EDE71C589FC8}.ReleaseXenDevApp002|Any CPU.ActiveCfg = Release.XenTstWeb003|Any CPU
		{798AAFB3-6A50-4990-8C52-EDE71C589FC8}.ReleaseXenDevApp002|Any CPU.Build.0 = Release.XenTstWeb003|Any CPU
		{798AAFB3-6A50-4990-8C52-EDE71C589FC8}.ReleaseXenDevApp002Holding|Any CPU.ActiveCfg = Release.XenTstWeb003|Any CPU
		{798AAFB3-6A50-4990-8C52-EDE71C589FC8}.ReleaseXenDevApp002Holding|Any CPU.Build.0 = Release.XenTstWeb003|Any CPU
		{798AAFB3-6A50-4990-8C52-EDE71C589FC8}.ReleaseXenTstApp001|Any CPU.ActiveCfg = Release.XenTstWeb003|Any CPU
		{798AAFB3-6A50-4990-8C52-EDE71C589FC8}.ReleaseXenTstApp001|Any CPU.Build.0 = Release.XenTstWeb003|Any CPU
		{798AAFB3-6A50-4990-8C52-EDE71C589FC8}.ReleaseXenTstApp002|Any CPU.ActiveCfg = Release.XenTstWeb003|Any CPU
		{798AAFB3-6A50-4990-8C52-EDE71C589FC8}.ReleaseXenTstApp002|Any CPU.Build.0 = Release.XenTstWeb003|Any CPU
		{9BF54DD3-D68A-451A-A9FF-16D457EF4457}.Debug|Any CPU.ActiveCfg = Debug|Any CPU
		{9BF54DD3-D68A-451A-A9FF-16D457EF4457}.Debug|Any CPU.Build.0 = Debug|Any CPU
		{9BF54DD3-D68A-451A-A9FF-16D457EF4457}.Local|Any CPU.ActiveCfg = Release.XenTstWeb003|Any CPU
		{9BF54DD3-D68A-451A-A9FF-16D457EF4457}.Local|Any CPU.Build.0 = Release.XenTstWeb003|Any CPU
		{9BF54DD3-D68A-451A-A9FF-16D457EF4457}.Release.XenTstWeb003|Any CPU.ActiveCfg = Release.XenTstWeb003|Any CPU
		{9BF54DD3-D68A-451A-A9FF-16D457EF4457}.Release.XenTstWeb003|Any CPU.Build.0 = Release.XenTstWeb003|Any CPU
		{9BF54DD3-D68A-451A-A9FF-16D457EF4457}.Release|Any CPU.ActiveCfg = Release|Any CPU
		{9BF54DD3-D68A-451A-A9FF-16D457EF4457}.Release|Any CPU.Build.0 = Release|Any CPU
		{9BF54DD3-D68A-451A-A9FF-16D457EF4457}.ReleaseDev|Any CPU.ActiveCfg = Release.XenTstWeb003|Any CPU
		{9BF54DD3-D68A-451A-A9FF-16D457EF4457}.ReleaseDev|Any CPU.Build.0 = Release.XenTstWeb003|Any CPU
		{9BF54DD3-D68A-451A-A9FF-16D457EF4457}.ReleaseTest|Any CPU.ActiveCfg = Release.XenTstWeb003|Any CPU
		{9BF54DD3-D68A-451A-A9FF-16D457EF4457}.ReleaseTest|Any CPU.Build.0 = Release.XenTstWeb003|Any CPU
		{9BF54DD3-D68A-451A-A9FF-16D457EF4457}.ReleaseXenDevApp001|Any CPU.ActiveCfg = Release.XenTstWeb003|Any CPU
		{9BF54DD3-D68A-451A-A9FF-16D457EF4457}.ReleaseXenDevApp001|Any CPU.Build.0 = Release.XenTstWeb003|Any CPU
		{9BF54DD3-D68A-451A-A9FF-16D457EF4457}.ReleaseXenDevApp002|Any CPU.ActiveCfg = Release.XenTstWeb003|Any CPU
		{9BF54DD3-D68A-451A-A9FF-16D457EF4457}.ReleaseXenDevApp002|Any CPU.Build.0 = Release.XenTstWeb003|Any CPU
		{9BF54DD3-D68A-451A-A9FF-16D457EF4457}.ReleaseXenDevApp002Holding|Any CPU.ActiveCfg = Release.XenTstWeb003|Any CPU
		{9BF54DD3-D68A-451A-A9FF-16D457EF4457}.ReleaseXenDevApp002Holding|Any CPU.Build.0 = Release.XenTstWeb003|Any CPU
		{9BF54DD3-D68A-451A-A9FF-16D457EF4457}.ReleaseXenTstApp001|Any CPU.ActiveCfg = Release.XenTstWeb003|Any CPU
		{9BF54DD3-D68A-451A-A9FF-16D457EF4457}.ReleaseXenTstApp001|Any CPU.Build.0 = Release.XenTstWeb003|Any CPU
		{9BF54DD3-D68A-451A-A9FF-16D457EF4457}.ReleaseXenTstApp002|Any CPU.ActiveCfg = Release.XenTstWeb003|Any CPU
		{9BF54DD3-D68A-451A-A9FF-16D457EF4457}.ReleaseXenTstApp002|Any CPU.Build.0 = Release.XenTstWeb003|Any CPU
	EndGlobalSection
	GlobalSection(SolutionProperties) = preSolution
		HideSolutionNode = FALSE
	EndGlobalSection
	GlobalSection(NestedProjects) = preSolution
		{1C893329-1834-43A0-960E-8DE677FBD575} = {F6EEAC9C-377C-4715-88BE-DEA14154B9D0}
		{D970C38D-D0BC-4C69-9CD9-1092C50A5346} = {701CC066-A311-4E88-9BFD-37E7CF1170C9}
		{B217D868-9CAB-4E0D-A0BC-D82423E64741} = {F6EEAC9C-377C-4715-88BE-DEA14154B9D0}
		{8B6625B0-E86E-4B07-BC0A-4F90A5F804C2} = {701CC066-A311-4E88-9BFD-37E7CF1170C9}
		{539E2B21-5970-4CEC-B479-7B560A2D407B} = {F6EEAC9C-377C-4715-88BE-DEA14154B9D0}
		{6ADD8735-4FE1-471D-991A-6DFA7D588899} = {F6EEAC9C-377C-4715-88BE-DEA14154B9D0}
		{F3EAB25A-9FFE-4DDA-9236-71F76FFBD908} = {F6EEAC9C-377C-4715-88BE-DEA14154B9D0}
		{DFA55549-F5DB-4B97-813E-46EAA8A79BF7} = {F6EEAC9C-377C-4715-88BE-DEA14154B9D0}
		{E04D495E-89A3-4D47-90C3-FFC97BA556C4} = {F6EEAC9C-377C-4715-88BE-DEA14154B9D0}
		{D5DDBA0D-9BF0-497B-976D-08D39B7FE976} = {F6EEAC9C-377C-4715-88BE-DEA14154B9D0}
		{9F6F9127-FE24-4F59-9E43-3AD252360AE1} = {F6EEAC9C-377C-4715-88BE-DEA14154B9D0}
		{B0A9F6E9-6648-484C-B213-8B15B80973D3} = {F6EEAC9C-377C-4715-88BE-DEA14154B9D0}
		{798AAFB3-6A50-4990-8C52-EDE71C589FC8} = {F6EEAC9C-377C-4715-88BE-DEA14154B9D0}
		{9BF54DD3-D68A-451A-A9FF-16D457EF4457} = {F6EEAC9C-377C-4715-88BE-DEA14154B9D0}
	EndGlobalSection
	GlobalSection(TeamFoundationVersionControl) = preSolution
		SccNumberOfProjects = 16
		SccEnterpriseProvider = {4CA58AB2-18FA-4F8D-95D4-32DDF27D184C}
		SccTeamFoundationServer = https://xenatix.visualstudio.com/defaultcollection
		SccLocalPath0 = .
		SccProjectUniqueName1 = SynchronizationService\\SynchronizationService.csproj
		SccProjectName1 = SynchronizationService
		SccLocalPath1 = SynchronizationService
		SccProjectUniqueName2 = ..\\..\\Axis\u0020Libraries\\Axis.Models\\Axis.Model.ServiceConfiguration\\Axis.Model.ServiceConfiguration.csproj
		SccProjectTopLevelParentUniqueName2 = Axis.Services.sln
		SccProjectName2 = ../../Axis\u0020Libraries/Axis.Models/Axis.Model.ServiceConfiguration
		SccLocalPath2 = ..\\..\\Axis\u0020Libraries\\Axis.Models\\Axis.Model.ServiceConfiguration
		SccProjectUniqueName3 = ..\\..\\Data\u0020Engine\\DataProvider\\Axis.DataProvider.SynchronizationService\\Axis.DataProvider.SynchronizationService.csproj
		SccProjectTopLevelParentUniqueName3 = Axis.Services.sln
		SccProjectName3 = ../../Data\u0020Engine/DataProvider/Axis.DataProvider.SynchronizationService
		SccLocalPath3 = ..\\..\\Data\u0020Engine\\DataProvider\\Axis.DataProvider.SynchronizationService
		SccProjectUniqueName4 = ..\\..\\Axis\u0020Libraries\\Axis.Models\\Axis.Model.Common\\Axis.Model.Common.csproj
		SccProjectTopLevelParentUniqueName4 = Axis.Services.sln
		SccProjectName4 = ../../Axis\u0020Libraries/Axis.Models/Axis.Model.Common
		SccLocalPath4 = ..\\..\\Axis\u0020Libraries\\Axis.Models\\Axis.Model.Common
		SccProjectUniqueName5 = ..\\..\\Data\u0020Engine\\Axis.Data.Repository\\Axis.Data.Repository.csproj
		SccProjectTopLevelParentUniqueName5 = Axis.Services.sln
		SccProjectName5 = ../../Data\u0020Engine/Axis.Data.Repository
		SccLocalPath5 = ..\\..\\Data\u0020Engine\\Axis.Data.Repository
		SccProjectUniqueName6 = ..\\..\\Axis\u0020Libraries\\Axis.Models\\Axis.Model.Account\\Axis.Model.Account.csproj
		SccProjectTopLevelParentUniqueName6 = Axis.Services.sln
		SccProjectName6 = ../../Axis\u0020Libraries/Axis.Models/Axis.Model.Account
		SccLocalPath6 = ..\\..\\Axis\u0020Libraries\\Axis.Models\\Axis.Model.Account
		SccProjectUniqueName7 = ..\\..\\Axis\u0020Libraries\\Axis.Security\\Axis.Security.csproj
		SccProjectTopLevelParentUniqueName7 = Axis.Services.sln
		SccProjectName7 = ../../Axis\u0020Libraries/Axis.Security
		SccLocalPath7 = ..\\..\\Axis\u0020Libraries\\Axis.Security
		SccProjectUniqueName8 = ..\\..\\Axis\u0020Libraries\\Axis.Constant\\Axis.Constant.csproj
		SccProjectTopLevelParentUniqueName8 = Axis.Services.sln
		SccProjectName8 = ../../Axis\u0020Libraries/Axis.Constant
		SccLocalPath8 = ..\\..\\Axis\u0020Libraries\\Axis.Constant
		SccProjectUniqueName9 = ..\\..\\Axis\u0020Libraries\\Axis.Models\\Axis.Model.ServiceBatch\\Axis.Model.ServiceBatch.csproj
		SccProjectTopLevelParentUniqueName9 = Axis.Services.sln
		SccProjectName9 = ../../Axis\u0020Libraries/Axis.Models/Axis.Model.ServiceBatch
		SccLocalPath9 = ..\\..\\Axis\u0020Libraries\\Axis.Models\\Axis.Model.ServiceBatch
		SccProjectUniqueName10 = ..\\..\\Axis\u0020Libraries\\Axis.Helpers\\Axis.Helpers.csproj
		SccProjectTopLevelParentUniqueName10 = Axis.Services.sln
		SccProjectName10 = ../../Axis\u0020Libraries/Axis.Helpers
		SccLocalPath10 = ..\\..\\Axis\u0020Libraries\\Axis.Helpers
		SccProjectUniqueName11 = ..\\..\\Axis\u0020Libraries\\Axis.Models\\Axis.Model.Address\\Axis.Model.Address.csproj
		SccProjectTopLevelParentUniqueName11 = Axis.Services.sln
		SccProjectName11 = ../../Axis\u0020Libraries/Axis.Models/Axis.Model.Address
		SccLocalPath11 = ..\\..\\Axis\u0020Libraries\\Axis.Models\\Axis.Model.Address
		SccProjectUniqueName12 = ..\\..\\Axis\u0020Libraries\\Axis.Models\\Axis.Model.Email\\Axis.Model.Email.csproj
		SccProjectTopLevelParentUniqueName12 = Axis.Services.sln
		SccProjectName12 = ../../Axis\u0020Libraries/Axis.Models/Axis.Model.Email
		SccLocalPath12 = ..\\..\\Axis\u0020Libraries\\Axis.Models\\Axis.Model.Email
		SccProjectUniqueName13 = ..\\..\\Axis\u0020Libraries\\Axis.Models\\Axis.Model.Phone\\Axis.Model.Phone.csproj
		SccProjectTopLevelParentUniqueName13 = Axis.Services.sln
		SccProjectName13 = ../../Axis\u0020Libraries/Axis.Models/Axis.Model.Phone
		SccLocalPath13 = ..\\..\\Axis\u0020Libraries\\Axis.Models\\Axis.Model.Phone
		SccProjectUniqueName14 = ..\\..\\Axis\u0020Libraries\\Axis.Models\\Axis.Model.Setting\\Axis.Model.Setting.csproj
		SccProjectTopLevelParentUniqueName14 = Axis.Services.sln
		SccProjectName14 = ../../Axis\u0020Libraries/Axis.Models/Axis.Model.Setting
		SccLocalPath14 = ..\\..\\Axis\u0020Libraries\\Axis.Models\\Axis.Model.Setting
		SccProjectUniqueName15 = ..\\..\\Axis\u0020Libraries\\Axis.Models\\Axis.Model.Security\\Axis.Model.Security.csproj
		SccProjectTopLevelParentUniqueName15 = Axis.Services.sln
		SccProjectName15 = ../../Axis\u0020Libraries/Axis.Models/Axis.Model.Security
		SccLocalPath15 = ..\\..\\Axis\u0020Libraries\\Axis.Models\\Axis.Model.Security
	EndGlobalSection
EndGlobal
