
Microsoft Visual Studio Solution File, Format Version 12.00
# Visual Studio 2013
VisualStudioVersion = 12.0.31101.0
MinimumVisualStudioVersion = 10.0.40219.1
Project("{159641D6-6404-4A2A-AE62-294DE0FE8301}") = "LDAP_Data", "LDAP_Data\LDAP_Data.dtproj", "{235FEF1F-7046-4768-8833-299B1D2FC4C1}"
EndProject
Global
	GlobalSection(TeamFoundationVersionControl) = preSolution
		SccNumberOfProjects = 2
		SccEnterpriseProvider = {4CA58AB2-18FA-4F8D-95D4-32DDF27D184C}
		SccTeamFoundationServer = https://xenatix.visualstudio.com/defaultcollection
		SccLocalPath0 = .
		SccProjectUniqueName1 = LDAP_Data\\LDAP_Data.dtproj
		SccProjectName1 = LDAP_Data
		SccLocalPath1 = LDAP_Data
	EndGlobalSection
	GlobalSection(SolutionConfigurationPlatforms) = preSolution
		Development|Default = Development|Default
	EndGlobalSection
	GlobalSection(ProjectConfigurationPlatforms) = postSolution
		{235FEF1F-7046-4768-8833-299B1D2FC4C1}.Development|Default.ActiveCfg = Development
		{235FEF1F-7046-4768-8833-299B1D2FC4C1}.Development|Default.Build.0 = Development
	EndGlobalSection
	GlobalSection(SolutionProperties) = preSolution
		HideSolutionNode = FALSE
	EndGlobalSection
EndGlobal
