
Microsoft Visual Studio Solution File, Format Version 12.00
# Visual Studio 2013
VisualStudioVersion = 12.0.40629.0
MinimumVisualStudioVersion = 10.0.40219.1
Project("{159641D6-6404-4A2A-AE62-294DE0FE8301}") = "CMHCIntegration", "CMHCIntegration\CMHCIntegration.dtproj", "{F38031A9-D866-49FB-BC0E-2949DB1EF373}"
EndProject
Global
	GlobalSection(TeamFoundationVersionControl) = preSolution
		SccNumberOfProjects = 2
		SccEnterpriseProvider = {4CA58AB2-18FA-4F8D-95D4-32DDF27D184C}
		SccTeamFoundationServer = https://xenatix.visualstudio.com/defaultcollection
		SccLocalPath0 = .
		SccProjectUniqueName1 = CMHCIntegration\\CMHCIntegration.dtproj
		SccProjectName1 = CMHCIntegration
		SccLocalPath1 = CMHCIntegration
	EndGlobalSection
	GlobalSection(SolutionConfigurationPlatforms) = preSolution
		Development|Default = Development|Default
	EndGlobalSection
	GlobalSection(ProjectConfigurationPlatforms) = postSolution
		{F38031A9-D866-49FB-BC0E-2949DB1EF373}.Development|Default.ActiveCfg = Development
		{F38031A9-D866-49FB-BC0E-2949DB1EF373}.Development|Default.Build.0 = Development
	EndGlobalSection
	GlobalSection(SolutionProperties) = preSolution
		HideSolutionNode = FALSE
	EndGlobalSection
EndGlobal
