
Microsoft Visual Studio Solution File, Format Version 12.00
# Visual Studio 2013
VisualStudioVersion = 12.0.31101.0
MinimumVisualStudioVersion = 10.0.40219.1
Project("{159641D6-6404-4A2A-AE62-294DE0FE8301}") = "ContactPayor", "ContactPayor\ContactPayor.dtproj", "{575AE275-AE40-4BB8-83C8-9092D2126E35}"
EndProject
Global
	GlobalSection(TeamFoundationVersionControl) = preSolution
		SccNumberOfProjects = 2
		SccEnterpriseProvider = {4CA58AB2-18FA-4F8D-95D4-32DDF27D184C}
		SccTeamFoundationServer = https://xenatix.visualstudio.com/defaultcollection
		SccLocalPath0 = .
		SccProjectUniqueName1 = ContactPayor\\ContactPayor.dtproj
		SccProjectName1 = ContactPayor
		SccLocalPath1 = ContactPayor
	EndGlobalSection
	GlobalSection(SolutionConfigurationPlatforms) = preSolution
		Development|Default = Development|Default
	EndGlobalSection
	GlobalSection(ProjectConfigurationPlatforms) = postSolution
		{575AE275-AE40-4BB8-83C8-9092D2126E35}.Development|Default.ActiveCfg = Development
		{575AE275-AE40-4BB8-83C8-9092D2126E35}.Development|Default.Build.0 = Development
	EndGlobalSection
	GlobalSection(SolutionProperties) = preSolution
		HideSolutionNode = FALSE
	EndGlobalSection
EndGlobal
