
Microsoft Visual Studio Solution File, Format Version 12.00
# Visual Studio 14
VisualStudioVersion = 14.0.25123.0
MinimumVisualStudioVersion = 10.0.40219.1
Project("{00D1A9C2-B5F0-4AF3-8072-F6C62B433612}") = "Axis", "Axis.sqlproj", "{7D831C53-4587-488D-9995-E5D34A1469CF}"
EndProject
Project("{FAE04EC0-301F-11D3-BF4B-00C04F79EFBC}") = "Axis.DB.Tests", "Axis.DB.Tests\Axis.DB.Tests.csproj", "{1D8AE373-8934-4875-A6A7-238EEDC2AB94}"
EndProject
Global
	GlobalSection(SolutionConfigurationPlatforms) = preSolution
		Debug|Any CPU = Debug|Any CPU
		Release|Any CPU = Release|Any CPU
	EndGlobalSection
	GlobalSection(ProjectConfigurationPlatforms) = postSolution
		{7D831C53-4587-488D-9995-E5D34A1469CF}.Debug|Any CPU.ActiveCfg = Debug|Any CPU
		{7D831C53-4587-488D-9995-E5D34A1469CF}.Debug|Any CPU.Build.0 = Debug|Any CPU
		{7D831C53-4587-488D-9995-E5D34A1469CF}.Debug|Any CPU.Deploy.0 = Debug|Any CPU
		{7D831C53-4587-488D-9995-E5D34A1469CF}.Release|Any CPU.ActiveCfg = Release|Any CPU
		{7D831C53-4587-488D-9995-E5D34A1469CF}.Release|Any CPU.Build.0 = Release|Any CPU
		{7D831C53-4587-488D-9995-E5D34A1469CF}.Release|Any CPU.Deploy.0 = Release|Any CPU
		{1D8AE373-8934-4875-A6A7-238EEDC2AB94}.Debug|Any CPU.ActiveCfg = Debug|Any CPU
		{1D8AE373-8934-4875-A6A7-238EEDC2AB94}.Debug|Any CPU.Build.0 = Debug|Any CPU
		{1D8AE373-8934-4875-A6A7-238EEDC2AB94}.Release|Any CPU.ActiveCfg = Release|Any CPU
		{1D8AE373-8934-4875-A6A7-238EEDC2AB94}.Release|Any CPU.Build.0 = Release|Any CPU
	EndGlobalSection
	GlobalSection(SolutionProperties) = preSolution
		HideSolutionNode = FALSE
	EndGlobalSection
	GlobalSection(TeamFoundationVersionControl) = preSolution
		SccNumberOfProjects = 3
		SccEnterpriseProvider = {4CA58AB2-18FA-4F8D-95D4-32DDF27D184C}
		SccTeamFoundationServer = https://xenatix.visualstudio.com/defaultcollection
		SccLocalPath0 = .
		SccProjectUniqueName1 = Axis.sqlproj
		SccLocalPath1 = .
		SccProjectUniqueName2 = Axis.DB.Tests\\Axis.DB.Tests.csproj
		SccProjectName2 = Axis.DB.Tests
		SccLocalPath2 = Axis.DB.Tests
	EndGlobalSection
EndGlobal
